// !$*UTF8*$!
{
	archiveVersion = 1;
	classes = {
	};
	objectVersion = 48;
	objects = {

/* Begin PBXBuildFile section */
		F7BC3DCA204F23A100E123E6 /* AppDelegate.swift in Sources */ = {isa = PBXBuildFile; fileRef = F7BC3DC9204F23A100E123E6 /* AppDelegate.swift */; };
		F7BC3DCC204F23A100E123E6 /* ViewController.swift in Sources */ = {isa = PBXBuildFile; fileRef = F7BC3DCB204F23A100E123E6 /* ViewController.swift */; };
		F7BC3DCF204F23A100E123E6 /* Main.storyboard in Resources */ = {isa = PBXBuildFile; fileRef = F7BC3DCD204F23A100E123E6 /* Main.storyboard */; };
		F7BC3DD1204F23A100E123E6 /* Assets.xcassets in Resources */ = {isa = PBXBuildFile; fileRef = F7BC3DD0204F23A100E123E6 /* Assets.xcassets */; };
		F7BC3DD4204F23A100E123E6 /* LaunchScreen.storyboard in Resources */ = {isa = PBXBuildFile; fileRef = F7BC3DD2204F23A100E123E6 /* LaunchScreen.storyboard */; };
/* End PBXBuildFile section */

/* Begin PBXFileReference section */
		F7BC3DC6204F23A100E123E6 /* ARImageTracker.app */ = {isa = PBXFileReference; explicitFileType = wrapper.application; includeInIndex = 0; path = ARImageTracker.app; sourceTree = BUILT_PRODUCTS_DIR; };
		F7BC3DC9204F23A100E123E6 /* AppDelegate.swift */ = {isa = PBXFileReference; lastKnownFileType = sourcecode.swift; path = AppDelegate.swift; sourceTree = "<group>"; };
		F7BC3DCB204F23A100E123E6 /* ViewController.swift */ = {isa = PBXFileReference; lastKnownFileType = sourcecode.swift; path = ViewController.swift; sourceTree = "<group>"; };
		F7BC3DCE204F23A100E123E6 /* Base */ = {isa = PBXFileReference; lastKnownFileType = file.storyboard; name = Base; path = Base.lproj/Main.storyboard; sourceTree = "<group>"; };
		F7BC3DD0204F23A100E123E6 /* Assets.xcassets */ = {isa = PBXFileReference; lastKnownFileType = folder.assetcatalog; path = Assets.xcassets; sourceTree = "<group>"; };
		F7BC3DD3204F23A100E123E6 /* Base */ = {isa = PBXFileReference; lastKnownFileType = file.storyboard; name = Base; path = Base.lproj/LaunchScreen.storyboard; sourceTree = "<group>"; };
		F7BC3DD5204F23A100E123E6 /* Info.plist */ = {isa = PBXFileReference; lastKnownFileType = text.plist.xml; path = Info.plist; sourceTree = "<group>"; };
/* End PBXFileReference section */

/* Begin PBXFrameworksBuildPhase section */
		F7BC3DC3204F23A100E123E6 /* Frameworks */ = {
			isa = PBXFrameworksBuildPhase;
			buildActionMask = 2147483647;
			files = (
			);
			runOnlyForDeploymentPostprocessing = 0;
		};
/* End PBXFrameworksBuildPhase section */

/* Begin PBXGroup section */
		F7BC3DBD204F23A000E123E6 = {
			isa = PBXGroup;
			children = (
				F7BC3DC8204F23A100E123E6 /* ARImageTracker */,
				F7BC3DC7204F23A100E123E6 /* Products */,
			);
			sourceTree = "<group>";
		};
		F7BC3DC7204F23A100E123E6 /* Products */ = {
			isa = PBXGroup;
			children = (
				F7BC3DC6204F23A100E123E6 /* ARImageTracker.app */,
			);
			name = Products;
			sourceTree = "<group>";
		};
		F7BC3DC8204F23A100E123E6 /* ARImageTracker */ = {
			isa = PBXGroup;
			children = (
				F7BC3DC9204F23A100E123E6 /* AppDelegate.swift */,
				F7BC3DCB204F23A100E123E6 /* ViewController.swift */,
				F7BC3DCD204F23A100E123E6 /* Main.storyboard */,
				F7BC3DD0204F23A100E123E6 /* Assets.xcassets */,
				F7BC3DD2204F23A100E123E6 /* LaunchScreen.storyboard */,
				F7BC3DD5204F23A100E123E6 /* Info.plist */,
			);
			path = ARImageTracker;
			sourceTree = "<group>";
		};
/* End PBXGroup section */

/* Begin PBXNativeTarget section */
		F7BC3DC5204F23A100E123E6 /* ARImageTracker */ = {
			isa = PBXNativeTarget;
			buildConfigurationList = F7BC3DD8204F23A100E123E6 /* Build configuration list for PBXNativeTarget "ARImageTracker" */;
			buildPhases = (
				F7BC3DC2204F23A100E123E6 /* Sources */,
				F7BC3DC3204F23A100E123E6 /* Frameworks */,
				F7BC3DC4204F23A100E123E6 /* Resources */,
			);
			buildRules = (
			);
			dependencies = (
			);
			name = ARImageTracker;
			productName = ARImageTracker;
			productReference = F7BC3DC6204F23A100E123E6 /* ARImageTracker.app */;
			productType = "com.apple.product-type.application";
		};
/* End PBXNativeTarget section */

/* Begin PBXProject section */
		F7BC3DBE204F23A000E123E6 /* Project object */ = {
			isa = PBXProject;
			attributes = {
				LastSwiftUpdateCheck = 0920;
				LastUpgradeCheck = 0920;
				ORGANIZATIONNAME = "Daniel Smith";
				TargetAttributes = {
					F7BC3DC5204F23A100E123E6 = {
						CreatedOnToolsVersion = 9.2;
						ProvisioningStyle = Automatic;
					};
				};
			};
			buildConfigurationList = F7BC3DC1204F23A000E123E6 /* Build configuration list for PBXProject "ARImageTracker" */;
			compatibilityVersion = "Xcode 8.0";
			developmentRegion = en;
			hasScannedForEncodings = 0;
			knownRegions = (
				en,
				Base,
			);
			mainGroup = F7BC3DBD204F23A000E123E6;
			productRefGroup = F7BC3DC7204F23A100E123E6 /* Products */;
			projectDirPath = "";
			projectRoot = "";
			targets = (
				F7BC3DC5204F23A100E123E6 /* ARImageTracker */,
			);
		};
/* End PBXProject section */

/* Begin PBXResourcesBuildPhase section */
		F7BC3DC4204F23A100E123E6 /* Resources */ = {
			isa = PBXResourcesBuildPhase;
			buildActionMask = 2147483647;
			files = (
				F7BC3DD4204F23A100E123E6 /* LaunchScreen.storyboard in Resources */,
				F7BC3DD1204F23A100E123E6 /* Assets.xcassets in Resources */,
				F7BC3DCF204F23A100E123E6 /* Main.storyboard in Resources */,
			);
			runOnlyForDeploymentPostprocessing = 0;
		};
/* End PBXResourcesBuildPhase section */

/* Begin PBXSourcesBuildPhase section */
		F7BC3DC2204F23A100E123E6 /* Sources */ = {
			isa = PBXSourcesBuildPhase;
			buildActionMask = 2147483647;
			files = (
				F7BC3DCC204F23A100E123E6 /* ViewController.swift in Sources */,
				F7BC3DCA204F23A100E123E6 /* AppDelegate.swift in Sources */,
			);
			runOnlyForDeploymentPostprocessing = 0;
		};
/* End PBXSourcesBuildPhase section */

/* Begin PBXVariantGroup section */
		F7BC3DCD204F23A100E123E6 /* Main.storyboard */ = {
			isa = PBXVariantGroup;
			children = (
				F7BC3DCE204F23A100E123E6 /* Base */,
			);
			name = Main.storyboard;
			sourceTree = "<group>";
		};
		F7BC3DD2204F23A100E123E6 /* LaunchScreen.storyboard */ = {
			isa = PBXVariantGroup;
			children = (
				F7BC3DD3204F23A100E123E6 /* Base */,
			);
			name = LaunchScreen.storyboard;
			sourceTree = "<group>";
		};
/* End PBXVariantGroup section */

/* Begin XCBuildConfiguration section */
		F7BC3DD6204F23A100E123E6 /* Debug */ = {
			isa = XCBuildConfiguration;
			buildSettings = {
				ALWAYS_SEARCH_USER_PATHS = NO;
				CLANG_ANALYZER_NONNULL = YES;
				CLANG_ANALYZER_NUMBER_OBJECT_CONVERSION = YES_AGGRESSIVE;
				CLANG_CXX_LANGUAGE_STANDARD = "gnu++14";
				CLANG_CXX_LIBRARY = "libc++";
				CLANG_ENABLE_MODULES = YES;
				CLANG_ENABLE_OBJC_ARC = YES;
				CLANG_WARN_BLOCK_CAPTURE_AUTORELEASING = YES;
				CLANG_WARN_BOOL_CONVERSION = YES;
				CLANG_WARN_COMMA = YES;
				CLANG_WARN_CONSTANT_CONVERSION = YES;
				CLANG_WARN_DIRECT_OBJC_ISA_USAGE = YES_ERROR;
				CLANG_WARN_DOCUMENTATION_COMMENTS = YES;
				CLANG_WARN_EMPTY_BODY = YES;
				CLANG_WARN_ENUM_CONVERSION = YES;
				CLANG_WARN_INFINITE_RECURSION = YES;
				CLANG_WARN_INT_CONVERSION = YES;
				CLANG_WARN_NON_LITERAL_NULL_CONVERSION = YES;
				CLANG_WARN_OBJC_LITERAL_CONVERSION = YES;
				CLANG_WARN_OBJC_ROOT_CLASS = YES_ERROR;
				CLANG_WARN_RANGE_LOOP_ANALYSIS = YES;
				CLANG_WARN_STRICT_PROTOTYPES = YES;
				CLANG_WARN_SUSPICIOUS_MOVE = YES;
				CLANG_WARN_UNGUARDED_AVAILABILITY = YES_AGGRESSIVE;
				CLANG_WARN_UNREACHABLE_CODE = YES;
				CLANG_WARN__DUPLICATE_METHOD_MATCH = YES;
				CODE_SIGN_IDENTITY = "iPhone Developer";
				COPY_PHASE_STRIP = NO;
				DEBUG_INFORMATION_FORMAT = dwarf;
				ENABLE_STRICT_OBJC_MSGSEND = YES;
				ENABLE_TESTABILITY = YES;
				GCC_C_LANGUAGE_STANDARD = gnu11;
				GCC_DYNAMIC_NO_PIC = NO;
				GCC_NO_COMMON_BLOCKS = YES;
				GCC_OPTIMIZATION_LEVEL = 0;
				GCC_PREPROCESSOR_DEFINITIONS = (
					"DEBUG=1",
					"$(inherited)",
				);
				GCC_WARN_64_TO_32_BIT_CONVERSION = YES;
				GCC_WARN_ABOUT_RETURN_TYPE = YES_ERROR;
				GCC_WARN_UNDECLARED_SELECTOR = YES;
				GCC_WARN_UNINITIALIZED_AUTOS = YES_AGGRESSIVE;
				GCC_WARN_UNUSED_FUNCTION = YES;
				GCC_WARN_UNUSED_VARIABLE = YES;
				IPHONEOS_DEPLOYMENT_TARGET = 11.2;
				MTL_ENABLE_DEBUG_INFO = YES;
				ONLY_ACTIVE_ARCH = YES;
				SDKROOT = iphoneos;
				SWIFT_ACTIVE_COMPILATION_CONDITIONS = DEBUG;
				SWIFT_OPTIMIZATION_LEVEL = "-Onone";
			};
			name = Debug;
		};
		F7BC3DD7204F23A100E123E6 /* Release */ = {
			isa = XCBuildConfiguration;
			buildSettings = {
				ALWAYS_SEARCH_USER_PATHS = NO;
				CLANG_ANALYZER_NONNULL = YES;
				CLANG_ANALYZER_NUMBER_OBJECT_CONVERSION = YES_AGGRESSIVE;
				CLANG_CXX_LANGUAGE_STANDARD = "gnu++14";
				CLANG_CXX_LIBRARY = "libc++";
				CLANG_ENABLE_MODULES = YES;
				CLANG_ENABLE_OBJC_ARC = YES;
				CLANG_WARN_BLOCK_CAPTURE_AUTORELEASING = YES;
				CLANG_WARN_BOOL_CONVERSION = YES;
				CLANG_WARN_COMMA = YES;
				CLANG_WARN_CONSTANT_CONVERSION = YES;
				CLANG_WARN_DIRECT_OBJC_ISA_USAGE = YES_ERROR;
				CLANG_WARN_DOCUMENTATION_COMMENTS = YES;
				CLANG_WARN_EMPTY_BODY = YES;
				CLANG_WARN_ENUM_CONVERSION = YES;
				CLANG_WARN_INFINITE_RECURSION = YES;
				CLANG_WARN_INT_CONVERSION = YES;
				CLANG_WARN_NON_LITERAL_NULL_CONVERSION = YES;
				CLANG_WARN_OBJC_LITERAL_CONVERSION = YES;
				CLANG_WARN_OBJC_ROOT_CLASS = YES_ERROR;
				CLANG_WARN_RANGE_LOOP_ANALYSIS = YES;
				CLANG_WARN_STRICT_PROTOTYPES = YES;
				CLANG_WARN_SUSPICIOUS_MOVE = YES;
				CLANG_WARN_UNGUARDED_AVAILABILITY = YES_AGGRESSIVE;
				CLANG_WARN_UNREACHABLE_CODE = YES;
				CLANG_WARN__DUPLICATE_METHOD_MATCH = YES;
				CODE_SIGN_IDENTITY = "iPhone Developer";
				COPY_PHASE_STRIP = NO;
				DEBUG_INFORMATION_FORMAT = "dwarf-with-dsym";
				ENABLE_NS_ASSERTIONS = NO;
				ENABLE_STRICT_OBJC_MSGSEND = YES;
				GCC_C_LANGUAGE_STANDARD = gnu11;
				GCC_NO_COMMON_BLOCKS = YES;
				GCC_WARN_64_TO_32_BIT_CONVERSION = YES;
				GCC_WARN_ABOUT_RETURN_TYPE = YES_ERROR;
				GCC_WARN_UNDECLARED_SELECTOR = YES;
				GCC_WARN_UNINITIALIZED_AUTOS = YES_AGGRESSIVE;
				GCC_WARN_UNUSED_FUNCTION = YES;
				GCC_WARN_UNUSED_VARIABLE = YES;
				IPHONEOS_DEPLOYMENT_TARGET = 11.2;
				MTL_ENABLE_DEBUG_INFO = NO;
				SDKROOT = iphoneos;
				SWIFT_OPTIMIZATION_LEVEL = "-Owholemodule";
				VALIDATE_PRODUCT = YES;
			};
			name = Release;
		};
		F7BC3DD9204F23A100E123E6 /* Debug */ = {
			isa = XCBuildConfiguration;
			buildSettings = {
				ASSETCATALOG_COMPILER_APPICON_NAME = AppIcon;
				CODE_SIGN_STYLE = Automatic;
				DEVELOPMENT_TEAM = 8BE777GSFM;
				INFOPLIST_FILE = ARImageTracker/Info.plist;
				LD_RUNPATH_SEARCH_PATHS = "$(inherited) @executable_path/Frameworks";
				PRODUCT_BUNDLE_IDENTIFIER = com.danismithproductions.ARImageTracker;
				PRODUCT_NAME = "$(TARGET_NAME)";
				SWIFT_VERSION = 4.0;
				TARGETED_DEVICE_FAMILY = "1,2";
			};
			name = Debug;
		};
		F7BC3DDA204F23A100E123E6 /* Release */ = {
			isa = XCBuildConfiguration;
			buildSettings = {
				ASSETCATALOG_COMPILER_APPICON_NAME = AppIcon;
				CODE_SIGN_STYLE = Automatic;
				DEVELOPMENT_TEAM = 8BE777GSFM;
				INFOPLIST_FILE = ARImageTracker/Info.plist;
				LD_RUNPATH_SEARCH_PATHS = "$(inherited) @executable_path/Frameworks";
				PRODUCT_BUNDLE_IDENTIFIER = com.danismithproductions.ARImageTracker;
				PRODUCT_NAME = "$(TARGET_NAME)";
				SWIFT_VERSION = 4.0;
				TARGETED_DEVICE_FAMILY = "1,2";
			};
			name = Release;
		};
/* End XCBuildConfiguration section */

/* Begin XCConfigurationList section */
		F7BC3DC1204F23A000E123E6 /* Build configuration list for PBXProject "ARImageTracker" */ = {
			isa = XCConfigurationList;
			buildConfigurations = (
				F7BC3DD6204F23A100E123E6 /* Debug */,
				F7BC3DD7204F23A100E123E6 /* Release */,
			);
			defaultConfigurationIsVisible = 0;
			defaultConfigurationName = Release;
		};
		F7BC3DD8204F23A100E123E6 /* Build configuration list for PBXNativeTarget "ARImageTracker" */ = {
			isa = XCConfigurationList;
			buildConfigurations = (
				F7BC3DD9204F23A100E123E6 /* Debug */,
				F7BC3DDA204F23A100E123E6 /* Release */,
			);
			defaultConfigurationIsVisible = 0;
			defaultConfigurationName = Release;
		};
/* End XCConfigurationList section */
	};
	rootObject = F7BC3DBE204F23A000E123E6 /* Project object */;
}
